{
  "requires": true,
  "lockfileVersion": 1,
  "dependencies": {
    "rfc-facil": {
      "version": "1.1.0",
      "resolved": "https://registry.npmjs.org/rfc-facil/-/rfc-facil-1.1.0.tgz",
      "integrity": "sha512-ImGh2qCMEn3kbuvv+YkH2oqwRDbGVi6t4rrycHUoIxIuFGxqap0GhGFE6oNrbtLzMOcSgcLPfPn7iq14XaBqQQ=="
    }
  }
}
